
Microsoft Visual Studio Solution File, Format Version 12.00
# Visual Studio Version 17
VisualStudioVersion = 17.0.31912.275
MinimumVisualStudioVersion = 10.0.40219.1
Project("{FAE04EC0-301F-11D3-BF4B-00C04F79EFBC}") = "Lab18", "Lab18\Lab18.csproj", "{038143DD-07DE-4A21-8598-91EAB586658B}"
EndProject
Global
	GlobalSection(SolutionConfigurationPlatforms) = preSolution
		Debug|Any CPU = Debug|Any CPU
		Release|Any CPU = Release|Any CPU
	EndGlobalSection
	GlobalSection(ProjectConfigurationPlatforms) = postSolution
		{038143DD-07DE-4A21-8598-91EAB586658B}.Debug|Any CPU.ActiveCfg = Debug|Any CPU
		{038143DD-07DE-4A21-8598-91EAB586658B}.Debug|Any CPU.Build.0 = Debug|Any CPU
		{038143DD-07DE-4A21-8598-91EAB586658B}.Release|Any CPU.ActiveCfg = Release|Any CPU
		{038143DD-07DE-4A21-8598-91EAB586658B}.Release|Any CPU.Build.0 = Release|Any CPU
	EndGlobalSection
	GlobalSection(SolutionProperties) = preSolution
		HideSolutionNode = FALSE
	EndGlobalSection
	GlobalSection(ExtensibilityGlobals) = postSolution
		SolutionGuid = {4C25C3D1-4917-487C-8059-638CFAAC90D5}
	EndGlobalSection
EndGlobal
